
Microsoft Visual Studio Solution File, Format Version 12.00
# Visual Studio Version 17
VisualStudioVersion = 17.4.33205.214
MinimumVisualStudioVersion = 10.0.40219.1
Project("{FAE04EC0-301F-11D3-BF4B-00C04F79EFBC}") = "escapeRoom", "escapeRoom\escapeRoom.csproj", "{0009879C-E306-4F7F-86EE-940EE14837EB}"
EndProject
Global
	GlobalSection(SolutionConfigurationPlatforms) = preSolution
		Debug|Any CPU = Debug|Any CPU
		Release|Any CPU = Release|Any CPU
	EndGlobalSection
	GlobalSection(ProjectConfigurationPlatforms) = postSolution
		{0009879C-E306-4F7F-86EE-940EE14837EB}.Debug|Any CPU.ActiveCfg = Debug|Any CPU
		{0009879C-E306-4F7F-86EE-940EE14837EB}.Debug|Any CPU.Build.0 = Debug|Any CPU
		{0009879C-E306-4F7F-86EE-940EE14837EB}.Release|Any CPU.ActiveCfg = Release|Any CPU
		{0009879C-E306-4F7F-86EE-940EE14837EB}.Release|Any CPU.Build.0 = Release|Any CPU
	EndGlobalSection
	GlobalSection(SolutionProperties) = preSolution
		HideSolutionNode = FALSE
	EndGlobalSection
	GlobalSection(ExtensibilityGlobals) = postSolution
		SolutionGuid = {A8881B81-232D-445F-A45D-FD5A13B310FB}
	EndGlobalSection
EndGlobal
